{
  "name": "crm",
  "version": "0.1.0",
  "lockfileVersion": 3,
  "requires": true,
  "packages": {
    "": {
      "name": "crm",
      "version": "0.1.0",
      "dependencies": {
        "clsx": "^2.1.1",
        "emailjs-com": "^3.2.0",
        "lucide-react": "^0.562.0",
        "next": "16.1.1",
        "papaparse": "^5.5.3",
        "react": "19.2.3",
        "react-dom": "19.2.3",
        "react-dropzone": "^14.3.8",
        "recharts": "^3.6.0",
        "tailwind-merge": "^3.4.0",
        "xlsx": "^0.18.5"
      },
      "devDependencies": {
        "@tailwindcss/postcss": "^4",
        "@types/node": "^20",
        "@types/papaparse": "^5.5.2",
        "@types/react": "^19",
        "@types/react-dom": "^19",
        "@types/react-dropzone": "^4.2.2",
        "eslint": "^9",
        "eslint-config-next": "16.1.1",
        "tailwindcss": "^4",
        "typescript": "^5"
      }
    },
    "node_modules/@alloc/quick-lru": {
      "version": "5.2.0",
      "resolved": "https://registry.npmjs.org/@alloc/quick-lru/-/quick-lru-5.2.0.tgz",
      "integrity": "sha512-UrcABB+4bUrFABwbluTIBErXwvbsU/V7TZWfmbgJfbkwiBuziS9gxdODUyuiecfdGQ85jglMW6juS3+z5TsKLw==",
      "dev": true,
      "license": "MIT",
      "engines": {
        "node": ">=10"
      },
